
Microsoft Visual Studio Solution File, Format Version 12.00
# Visual Studio Version 17
VisualStudioVersion = 17.11.35327.3
MinimumVisualStudioVersion = 10.0.40219.1
Project("{FAE04EC0-301F-11D3-BF4B-00C04F79EFBC}") = "01 Definiera klass Hund", "01 Definiera klass Hund\01 Definiera klass Hund.csproj", "{81D6DC5F-9B6C-427D-860F-8B2A0864771C}"
EndProject
Project("{FAE04EC0-301F-11D3-BF4B-00C04F79EFBC}") = "02 Hundmöte", "02 Hundmöte\02 Hundmöte.csproj", "{4066D1D8-9223-4814-8D1D-0A1D502C3902}"
EndProject
Project("{FAE04EC0-301F-11D3-BF4B-00C04F79EFBC}") = "03 Konstruktorer", "03 Konstruktorer\03 Konstruktorer.csproj", "{F29A6D89-BC2A-4B4D-88F0-BE3EFD73769F}"
EndProject
Project("{FAE04EC0-301F-11D3-BF4B-00C04F79EFBC}") = "04 Metoder", "04 Metoder\04 Metoder.csproj", "{C14C2659-0DD8-444A-9E31-E8422887D7A3}"
EndProject
Project("{FAE04EC0-301F-11D3-BF4B-00C04F79EFBC}") = "05 Egenskaper", "05 Egenskaper\05 Egenskaper.csproj", "{B711E1FD-3E57-48D0-A3C5-9F7A7A6287B6}"
EndProject
Project("{FAE04EC0-301F-11D3-BF4B-00C04F79EFBC}") = "06 Övning - egen klass och ToString()", "06 Övning - egen klass och ToString()\06 Övning - egen klass och ToString().csproj", "{8A0A3350-CC32-43BB-872E-4121DC04B23A}"
EndProject
Project("{FAE04EC0-301F-11D3-BF4B-00C04F79EFBC}") = "07 Enumerationer", "07 Enumerationer\07 Enumerationer.csproj", "{95AE680D-D394-408B-9066-ABFF482CC5B3}"
EndProject
Project("{FAE04EC0-301F-11D3-BF4B-00C04F79EFBC}") = "08 Bibehåll tillstånd", "08 Bibehåll tillstånd\08 Bibehåll tillstånd.csproj", "{0F4645A9-3338-45A3-AB18-494730B51AD3}"
EndProject
Global
	GlobalSection(SolutionConfigurationPlatforms) = preSolution
		Debug|Any CPU = Debug|Any CPU
		Release|Any CPU = Release|Any CPU
	EndGlobalSection
	GlobalSection(ProjectConfigurationPlatforms) = postSolution
		{81D6DC5F-9B6C-427D-860F-8B2A0864771C}.Debug|Any CPU.ActiveCfg = Debug|Any CPU
		{81D6DC5F-9B6C-427D-860F-8B2A0864771C}.Debug|Any CPU.Build.0 = Debug|Any CPU
		{81D6DC5F-9B6C-427D-860F-8B2A0864771C}.Release|Any CPU.ActiveCfg = Release|Any CPU
		{81D6DC5F-9B6C-427D-860F-8B2A0864771C}.Release|Any CPU.Build.0 = Release|Any CPU
		{4066D1D8-9223-4814-8D1D-0A1D502C3902}.Debug|Any CPU.ActiveCfg = Debug|Any CPU
		{4066D1D8-9223-4814-8D1D-0A1D502C3902}.Debug|Any CPU.Build.0 = Debug|Any CPU
		{4066D1D8-9223-4814-8D1D-0A1D502C3902}.Release|Any CPU.ActiveCfg = Release|Any CPU
		{4066D1D8-9223-4814-8D1D-0A1D502C3902}.Release|Any CPU.Build.0 = Release|Any CPU
		{F29A6D89-BC2A-4B4D-88F0-BE3EFD73769F}.Debug|Any CPU.ActiveCfg = Debug|Any CPU
		{F29A6D89-BC2A-4B4D-88F0-BE3EFD73769F}.Debug|Any CPU.Build.0 = Debug|Any CPU
		{F29A6D89-BC2A-4B4D-88F0-BE3EFD73769F}.Release|Any CPU.ActiveCfg = Release|Any CPU
		{F29A6D89-BC2A-4B4D-88F0-BE3EFD73769F}.Release|Any CPU.Build.0 = Release|Any CPU
		{C14C2659-0DD8-444A-9E31-E8422887D7A3}.Debug|Any CPU.ActiveCfg = Debug|Any CPU
		{C14C2659-0DD8-444A-9E31-E8422887D7A3}.Debug|Any CPU.Build.0 = Debug|Any CPU
		{C14C2659-0DD8-444A-9E31-E8422887D7A3}.Release|Any CPU.ActiveCfg = Release|Any CPU
		{C14C2659-0DD8-444A-9E31-E8422887D7A3}.Release|Any CPU.Build.0 = Release|Any CPU
		{B711E1FD-3E57-48D0-A3C5-9F7A7A6287B6}.Debug|Any CPU.ActiveCfg = Debug|Any CPU
		{B711E1FD-3E57-48D0-A3C5-9F7A7A6287B6}.Debug|Any CPU.Build.0 = Debug|Any CPU
		{B711E1FD-3E57-48D0-A3C5-9F7A7A6287B6}.Release|Any CPU.ActiveCfg = Release|Any CPU
		{B711E1FD-3E57-48D0-A3C5-9F7A7A6287B6}.Release|Any CPU.Build.0 = Release|Any CPU
		{8A0A3350-CC32-43BB-872E-4121DC04B23A}.Debug|Any CPU.ActiveCfg = Debug|Any CPU
		{8A0A3350-CC32-43BB-872E-4121DC04B23A}.Debug|Any CPU.Build.0 = Debug|Any CPU
		{8A0A3350-CC32-43BB-872E-4121DC04B23A}.Release|Any CPU.ActiveCfg = Release|Any CPU
		{8A0A3350-CC32-43BB-872E-4121DC04B23A}.Release|Any CPU.Build.0 = Release|Any CPU
		{95AE680D-D394-408B-9066-ABFF482CC5B3}.Debug|Any CPU.ActiveCfg = Debug|Any CPU
		{95AE680D-D394-408B-9066-ABFF482CC5B3}.Debug|Any CPU.Build.0 = Debug|Any CPU
		{95AE680D-D394-408B-9066-ABFF482CC5B3}.Release|Any CPU.ActiveCfg = Release|Any CPU
		{95AE680D-D394-408B-9066-ABFF482CC5B3}.Release|Any CPU.Build.0 = Release|Any CPU
		{0F4645A9-3338-45A3-AB18-494730B51AD3}.Debug|Any CPU.ActiveCfg = Debug|Any CPU
		{0F4645A9-3338-45A3-AB18-494730B51AD3}.Debug|Any CPU.Build.0 = Debug|Any CPU
		{0F4645A9-3338-45A3-AB18-494730B51AD3}.Release|Any CPU.ActiveCfg = Release|Any CPU
		{0F4645A9-3338-45A3-AB18-494730B51AD3}.Release|Any CPU.Build.0 = Release|Any CPU
	EndGlobalSection
	GlobalSection(SolutionProperties) = preSolution
		HideSolutionNode = FALSE
	EndGlobalSection
	GlobalSection(ExtensibilityGlobals) = postSolution
		SolutionGuid = {1D1CDC8A-571D-42E4-894D-A37FB452AF69}
	EndGlobalSection
EndGlobal
